
Microsoft Visual Studio Solution File, Format Version 12.00
# Visual Studio Version 17
VisualStudioVersion = 17.12.35527.113 d17.12
MinimumVisualStudioVersion = 10.0.40219.1
Project("{FAE04EC0-301F-11D3-BF4B-00C04F79EFBC}") = "Mission08_Team9", "Mission08_Team9\Mission08_Team9.csproj", "{A3F9883C-F2FF-4C0B-8E05-28C0140E4CF4}"
EndProject
Global
	GlobalSection(SolutionConfigurationPlatforms) = preSolution
		Debug|Any CPU = Debug|Any CPU
		Release|Any CPU = Release|Any CPU
	EndGlobalSection
	GlobalSection(ProjectConfigurationPlatforms) = postSolution
		{A3F9883C-F2FF-4C0B-8E05-28C0140E4CF4}.Debug|Any CPU.ActiveCfg = Debug|Any CPU
		{A3F9883C-F2FF-4C0B-8E05-28C0140E4CF4}.Debug|Any CPU.Build.0 = Debug|Any CPU
		{A3F9883C-F2FF-4C0B-8E05-28C0140E4CF4}.Release|Any CPU.ActiveCfg = Release|Any CPU
		{A3F9883C-F2FF-4C0B-8E05-28C0140E4CF4}.Release|Any CPU.Build.0 = Release|Any CPU
	EndGlobalSection
	GlobalSection(SolutionProperties) = preSolution
		HideSolutionNode = FALSE
	EndGlobalSection
EndGlobal
